
Microsoft Visual Studio Solution File, Format Version 12.00
# Visual Studio Version 16
VisualStudioVersion = 16.0.31515.178
MinimumVisualStudioVersion = 10.0.40219.1
Project("{54435603-DBB4-11D2-8724-00A0C9A8B90C}") = "Setup1", "Setup1\Setup1.vdproj", "{768F76AE-F13D-4647-860C-98E00F30E66C}"
EndProject
Project("{FAE04EC0-301F-11D3-BF4B-00C04F79EFBC}") = "calc", "calc\calc.csproj", "{00433CCD-D9FA-4422-BD77-EBFCC31F5790}"
EndProject
Global
	GlobalSection(SolutionConfigurationPlatforms) = preSolution
		Debug|Any CPU = Debug|Any CPU
		Release|Any CPU = Release|Any CPU
	EndGlobalSection
	GlobalSection(ProjectConfigurationPlatforms) = postSolution
		{768F76AE-F13D-4647-860C-98E00F30E66C}.Debug|Any CPU.ActiveCfg = Debug
		{768F76AE-F13D-4647-860C-98E00F30E66C}.Debug|Any CPU.Build.0 = Debug
		{768F76AE-F13D-4647-860C-98E00F30E66C}.Release|Any CPU.ActiveCfg = Release
		{768F76AE-F13D-4647-860C-98E00F30E66C}.Release|Any CPU.Build.0 = Release
		{00433CCD-D9FA-4422-BD77-EBFCC31F5790}.Debug|Any CPU.ActiveCfg = Debug|Any CPU
		{00433CCD-D9FA-4422-BD77-EBFCC31F5790}.Debug|Any CPU.Build.0 = Debug|Any CPU
		{00433CCD-D9FA-4422-BD77-EBFCC31F5790}.Release|Any CPU.ActiveCfg = Release|Any CPU
		{00433CCD-D9FA-4422-BD77-EBFCC31F5790}.Release|Any CPU.Build.0 = Release|Any CPU
	EndGlobalSection
	GlobalSection(SolutionProperties) = preSolution
		HideSolutionNode = FALSE
	EndGlobalSection
	GlobalSection(ExtensibilityGlobals) = postSolution
		SolutionGuid = {1DCEC01F-07A2-4A16-8016-B6958252AF5C}
	EndGlobalSection
EndGlobal
